
Microsoft Visual Studio Solution File, Format Version 12.00
# Visual Studio Version 17
VisualStudioVersion = 17.8.34309.116
MinimumVisualStudioVersion = 10.0.40219.1
Project("{FAE04EC0-301F-11D3-BF4B-00C04F79EFBC}") = "AutoMotiveProject.cs", "AutoMotiveProject.cs.csproj", "{F2B92404-9DC2-43D3-94CE-0D03CC0CFEFE}"
EndProject
Global
	GlobalSection(SolutionConfigurationPlatforms) = preSolution
		Debug|Any CPU = Debug|Any CPU
		Release|Any CPU = Release|Any CPU
	EndGlobalSection
	GlobalSection(ProjectConfigurationPlatforms) = postSolution
		{F2B92404-9DC2-43D3-94CE-0D03CC0CFEFE}.Debug|Any CPU.ActiveCfg = Debug|Any CPU
		{F2B92404-9DC2-43D3-94CE-0D03CC0CFEFE}.Debug|Any CPU.Build.0 = Debug|Any CPU
		{F2B92404-9DC2-43D3-94CE-0D03CC0CFEFE}.Release|Any CPU.ActiveCfg = Release|Any CPU
		{F2B92404-9DC2-43D3-94CE-0D03CC0CFEFE}.Release|Any CPU.Build.0 = Release|Any CPU
	EndGlobalSection
	GlobalSection(SolutionProperties) = preSolution
		HideSolutionNode = FALSE
	EndGlobalSection
	GlobalSection(ExtensibilityGlobals) = postSolution
		SolutionGuid = {A0D2EED6-7509-4142-93BD-C1D1C46AF913}
	EndGlobalSection
EndGlobal
